
Microsoft Visual Studio Solution File, Format Version 12.00
# Visual Studio Version 17
VisualStudioVersion = 17.3.32929.385
MinimumVisualStudioVersion = 10.0.40219.1
Project("{FAE04EC0-301F-11D3-BF4B-00C04F79EFBC}") = "Task_4_1", "Task_4_1\Task_4_1.csproj", "{FE23CC1E-9A90-45D9-A000-E3B3975DFFC1}"
EndProject
Global
	GlobalSection(SolutionConfigurationPlatforms) = preSolution
		Debug|Any CPU = Debug|Any CPU
		Release|Any CPU = Release|Any CPU
	EndGlobalSection
	GlobalSection(ProjectConfigurationPlatforms) = postSolution
		{FE23CC1E-9A90-45D9-A000-E3B3975DFFC1}.Debug|Any CPU.ActiveCfg = Debug|Any CPU
		{FE23CC1E-9A90-45D9-A000-E3B3975DFFC1}.Debug|Any CPU.Build.0 = Debug|Any CPU
		{FE23CC1E-9A90-45D9-A000-E3B3975DFFC1}.Release|Any CPU.ActiveCfg = Release|Any CPU
		{FE23CC1E-9A90-45D9-A000-E3B3975DFFC1}.Release|Any CPU.Build.0 = Release|Any CPU
	EndGlobalSection
	GlobalSection(SolutionProperties) = preSolution
		HideSolutionNode = FALSE
	EndGlobalSection
	GlobalSection(ExtensibilityGlobals) = postSolution
		SolutionGuid = {4BDD84AC-FE6F-484D-92D4-46BB1FD34E60}
	EndGlobalSection
EndGlobal
